
Microsoft Visual Studio Solution File, Format Version 12.00
# Visual Studio 2013
VisualStudioVersion = 12.0.21005.1
MinimumVisualStudioVersion = 10.0.40219.1
Project("{FAE04EC0-301F-11D3-BF4B-00C04F79EFBC}") = "FeedIt", "FeedIt\FeedIt.csproj", "{DC9732D4-16F2-4E71-959F-9C4F2FEAC917}"
EndProject
Project("{FAE04EC0-301F-11D3-BF4B-00C04F79EFBC}") = "FeedIt.Tests", "FeedIt.Tests\FeedIt.Tests.csproj", "{F2C3DF3A-71F5-42B9-B68B-FF635FAB4C05}"
EndProject
Global
	GlobalSection(SolutionConfigurationPlatforms) = preSolution
		Debug|Any CPU = Debug|Any CPU
		Release|Any CPU = Release|Any CPU
	EndGlobalSection
	GlobalSection(ProjectConfigurationPlatforms) = postSolution
		{DC9732D4-16F2-4E71-959F-9C4F2FEAC917}.Debug|Any CPU.ActiveCfg = Debug|Any CPU
		{DC9732D4-16F2-4E71-959F-9C4F2FEAC917}.Debug|Any CPU.Build.0 = Debug|Any CPU
		{DC9732D4-16F2-4E71-959F-9C4F2FEAC917}.Release|Any CPU.ActiveCfg = Release|Any CPU
		{DC9732D4-16F2-4E71-959F-9C4F2FEAC917}.Release|Any CPU.Build.0 = Release|Any CPU
		{F2C3DF3A-71F5-42B9-B68B-FF635FAB4C05}.Debug|Any CPU.ActiveCfg = Debug|Any CPU
		{F2C3DF3A-71F5-42B9-B68B-FF635FAB4C05}.Debug|Any CPU.Build.0 = Debug|Any CPU
		{F2C3DF3A-71F5-42B9-B68B-FF635FAB4C05}.Release|Any CPU.ActiveCfg = Release|Any CPU
		{F2C3DF3A-71F5-42B9-B68B-FF635FAB4C05}.Release|Any CPU.Build.0 = Release|Any CPU
	EndGlobalSection
	GlobalSection(SolutionProperties) = preSolution
		HideSolutionNode = FALSE
	EndGlobalSection
EndGlobal
